// !$*UTF8*$!
{
	archiveVersion = 1;
	classes = {
	};
	objectVersion = 48;
	objects = {

/* Begin PBXBuildFile section */
		323FE0DE2213E3ED007A2BD5 /* AppDelegate.swift in Sources */ = {isa = PBXBuildFile; fileRef = 323FE0DD2213E3ED007A2BD5 /* AppDelegate.swift */; };
		323FE0E02213E3ED007A2BD5 /* ParaTVC.swift in Sources */ = {isa = PBXBuildFile; fileRef = 323FE0DF2213E3ED007A2BD5 /* ParaTVC.swift */; };
		323FE0E32213E3ED007A2BD5 /* Main.storyboard in Resources */ = {isa = PBXBuildFile; fileRef = 323FE0E12213E3ED007A2BD5 /* Main.storyboard */; };
		323FE0E52213E3ED007A2BD5 /* Assets.xcassets in Resources */ = {isa = PBXBuildFile; fileRef = 323FE0E42213E3ED007A2BD5 /* Assets.xcassets */; };
		323FE0E82213E3ED007A2BD5 /* LaunchScreen.storyboard in Resources */ = {isa = PBXBuildFile; fileRef = 323FE0E62213E3ED007A2BD5 /* LaunchScreen.storyboard */; };
		323FE0F12213E5DE007A2BD5 /* ParaCell.swift in Sources */ = {isa = PBXBuildFile; fileRef = 323FE0F02213E5DE007A2BD5 /* ParaCell.swift */; };
		323FE0F42213E716007A2BD5 /* Image+Label.swift in Sources */ = {isa = PBXBuildFile; fileRef = 323FE0F32213E716007A2BD5 /* Image+Label.swift */; };
/* End PBXBuildFile section */

/* Begin PBXFileReference section */
		323FE0DA2213E3ED007A2BD5 /* ParallexEffect.app */ = {isa = PBXFileReference; explicitFileType = wrapper.application; includeInIndex = 0; path = ParallexEffect.app; sourceTree = BUILT_PRODUCTS_DIR; };
		323FE0DD2213E3ED007A2BD5 /* AppDelegate.swift */ = {isa = PBXFileReference; lastKnownFileType = sourcecode.swift; path = AppDelegate.swift; sourceTree = "<group>"; };
		323FE0DF2213E3ED007A2BD5 /* ParaTVC.swift */ = {isa = PBXFileReference; lastKnownFileType = sourcecode.swift; path = ParaTVC.swift; sourceTree = "<group>"; };
		323FE0E22213E3ED007A2BD5 /* Base */ = {isa = PBXFileReference; lastKnownFileType = file.storyboard; name = Base; path = Base.lproj/Main.storyboard; sourceTree = "<group>"; };
		323FE0E42213E3ED007A2BD5 /* Assets.xcassets */ = {isa = PBXFileReference; lastKnownFileType = folder.assetcatalog; path = Assets.xcassets; sourceTree = "<group>"; };
		323FE0E72213E3ED007A2BD5 /* Base */ = {isa = PBXFileReference; lastKnownFileType = file.storyboard; name = Base; path = Base.lproj/LaunchScreen.storyboard; sourceTree = "<group>"; };
		323FE0E92213E3ED007A2BD5 /* Info.plist */ = {isa = PBXFileReference; lastKnownFileType = text.plist.xml; path = Info.plist; sourceTree = "<group>"; };
		323FE0F02213E5DE007A2BD5 /* ParaCell.swift */ = {isa = PBXFileReference; lastKnownFileType = sourcecode.swift; path = ParaCell.swift; sourceTree = "<group>"; };
		323FE0F32213E716007A2BD5 /* Image+Label.swift */ = {isa = PBXFileReference; lastKnownFileType = sourcecode.swift; path = "Image+Label.swift"; sourceTree = "<group>"; };
/* End PBXFileReference section */

/* Begin PBXFrameworksBuildPhase section */
		323FE0D72213E3ED007A2BD5 /* Frameworks */ = {
			isa = PBXFrameworksBuildPhase;
			buildActionMask = 2147483647;
			files = (
			);
			runOnlyForDeploymentPostprocessing = 0;
		};
/* End PBXFrameworksBuildPhase section */

/* Begin PBXGroup section */
		323FE0D12213E3EC007A2BD5 = {
			isa = PBXGroup;
			children = (
				323FE0DC2213E3ED007A2BD5 /* ParallexEffect */,
				323FE0DB2213E3ED007A2BD5 /* Products */,
			);
			sourceTree = "<group>";
		};
		323FE0DB2213E3ED007A2BD5 /* Products */ = {
			isa = PBXGroup;
			children = (
				323FE0DA2213E3ED007A2BD5 /* ParallexEffect.app */,
			);
			name = Products;
			sourceTree = "<group>";
		};
		323FE0DC2213E3ED007A2BD5 /* ParallexEffect */ = {
			isa = PBXGroup;
			children = (
				323FE0F22213E6FE007A2BD5 /* service */,
				323FE0EF2213E5BF007A2BD5 /* Views */,
				323FE0DD2213E3ED007A2BD5 /* AppDelegate.swift */,
				323FE0DF2213E3ED007A2BD5 /* ParaTVC.swift */,
				323FE0E12213E3ED007A2BD5 /* Main.storyboard */,
				323FE0E42213E3ED007A2BD5 /* Assets.xcassets */,
				323FE0E62213E3ED007A2BD5 /* LaunchScreen.storyboard */,
				323FE0E92213E3ED007A2BD5 /* Info.plist */,
			);
			path = ParallexEffect;
			sourceTree = "<group>";
		};
		323FE0EF2213E5BF007A2BD5 /* Views */ = {
			isa = PBXGroup;
			children = (
				323FE0F02213E5DE007A2BD5 /* ParaCell.swift */,
			);
			path = Views;
			sourceTree = "<group>";
		};
		323FE0F22213E6FE007A2BD5 /* service */ = {
			isa = PBXGroup;
			children = (
				323FE0F32213E716007A2BD5 /* Image+Label.swift */,
			);
			path = service;
			sourceTree = "<group>";
		};
/* End PBXGroup section */

/* Begin PBXNativeTarget section */
		323FE0D92213E3ED007A2BD5 /* ParallexEffect */ = {
			isa = PBXNativeTarget;
			buildConfigurationList = 323FE0EC2213E3ED007A2BD5 /* Build configuration list for PBXNativeTarget "ParallexEffect" */;
			buildPhases = (
				323FE0D62213E3ED007A2BD5 /* Sources */,
				323FE0D72213E3ED007A2BD5 /* Frameworks */,
				323FE0D82213E3ED007A2BD5 /* Resources */,
			);
			buildRules = (
			);
			dependencies = (
			);
			name = ParallexEffect;
			productName = ParallexEffect;
			productReference = 323FE0DA2213E3ED007A2BD5 /* ParallexEffect.app */;
			productType = "com.apple.product-type.application";
		};
/* End PBXNativeTarget section */

/* Begin PBXProject section */
		323FE0D22213E3EC007A2BD5 /* Project object */ = {
			isa = PBXProject;
			attributes = {
				LastSwiftUpdateCheck = 0920;
				LastUpgradeCheck = 0920;
				ORGANIZATIONNAME = "Ravi Inder Manshahia";
				TargetAttributes = {
					323FE0D92213E3ED007A2BD5 = {
						CreatedOnToolsVersion = 9.2;
						ProvisioningStyle = Automatic;
					};
				};
			};
			buildConfigurationList = 323FE0D52213E3EC007A2BD5 /* Build configuration list for PBXProject "ParallexEffect" */;
			compatibilityVersion = "Xcode 8.0";
			developmentRegion = en;
			hasScannedForEncodings = 0;
			knownRegions = (
				en,
				Base,
			);
			mainGroup = 323FE0D12213E3EC007A2BD5;
			productRefGroup = 323FE0DB2213E3ED007A2BD5 /* Products */;
			projectDirPath = "";
			projectRoot = "";
			targets = (
				323FE0D92213E3ED007A2BD5 /* ParallexEffect */,
			);
		};
/* End PBXProject section */

/* Begin PBXResourcesBuildPhase section */
		323FE0D82213E3ED007A2BD5 /* Resources */ = {
			isa = PBXResourcesBuildPhase;
			buildActionMask = 2147483647;
			files = (
				323FE0E82213E3ED007A2BD5 /* LaunchScreen.storyboard in Resources */,
				323FE0E52213E3ED007A2BD5 /* Assets.xcassets in Resources */,
				323FE0E32213E3ED007A2BD5 /* Main.storyboard in Resources */,
			);
			runOnlyForDeploymentPostprocessing = 0;
		};
/* End PBXResourcesBuildPhase section */

/* Begin PBXSourcesBuildPhase section */
		323FE0D62213E3ED007A2BD5 /* Sources */ = {
			isa = PBXSourcesBuildPhase;
			buildActionMask = 2147483647;
			files = (
				323FE0E02213E3ED007A2BD5 /* ParaTVC.swift in Sources */,
				323FE0DE2213E3ED007A2BD5 /* AppDelegate.swift in Sources */,
				323FE0F42213E716007A2BD5 /* Image+Label.swift in Sources */,
				323FE0F12213E5DE007A2BD5 /* ParaCell.swift in Sources */,
			);
			runOnlyForDeploymentPostprocessing = 0;
		};
/* End PBXSourcesBuildPhase section */

/* Begin PBXVariantGroup section */
		323FE0E12213E3ED007A2BD5 /* Main.storyboard */ = {
			isa = PBXVariantGroup;
			children = (
				323FE0E22213E3ED007A2BD5 /* Base */,
			);
			name = Main.storyboard;
			sourceTree = "<group>";
		};
		323FE0E62213E3ED007A2BD5 /* LaunchScreen.storyboard */ = {
			isa = PBXVariantGroup;
			children = (
				323FE0E72213E3ED007A2BD5 /* Base */,
			);
			name = LaunchScreen.storyboard;
			sourceTree = "<group>";
		};
/* End PBXVariantGroup section */

/* Begin XCBuildConfiguration section */
		323FE0EA2213E3ED007A2BD5 /* Debug */ = {
			isa = XCBuildConfiguration;
			buildSettings = {
				ALWAYS_SEARCH_USER_PATHS = NO;
				CLANG_ANALYZER_NONNULL = YES;
				CLANG_ANALYZER_NUMBER_OBJECT_CONVERSION = YES_AGGRESSIVE;
				CLANG_CXX_LANGUAGE_STANDARD = "gnu++14";
				CLANG_CXX_LIBRARY = "libc++";
				CLANG_ENABLE_MODULES = YES;
				CLANG_ENABLE_OBJC_ARC = YES;
				CLANG_WARN_BLOCK_CAPTURE_AUTORELEASING = YES;
				CLANG_WARN_BOOL_CONVERSION = YES;
				CLANG_WARN_COMMA = YES;
				CLANG_WARN_CONSTANT_CONVERSION = YES;
				CLANG_WARN_DIRECT_OBJC_ISA_USAGE = YES_ERROR;
				CLANG_WARN_DOCUMENTATION_COMMENTS = YES;
				CLANG_WARN_EMPTY_BODY = YES;
				CLANG_WARN_ENUM_CONVERSION = YES;
				CLANG_WARN_INFINITE_RECURSION = YES;
				CLANG_WARN_INT_CONVERSION = YES;
				CLANG_WARN_NON_LITERAL_NULL_CONVERSION = YES;
				CLANG_WARN_OBJC_LITERAL_CONVERSION = YES;
				CLANG_WARN_OBJC_ROOT_CLASS = YES_ERROR;
				CLANG_WARN_RANGE_LOOP_ANALYSIS = YES;
				CLANG_WARN_STRICT_PROTOTYPES = YES;
				CLANG_WARN_SUSPICIOUS_MOVE = YES;
				CLANG_WARN_UNGUARDED_AVAILABILITY = YES_AGGRESSIVE;
				CLANG_WARN_UNREACHABLE_CODE = YES;
				CLANG_WARN__DUPLICATE_METHOD_MATCH = YES;
				CODE_SIGN_IDENTITY = "iPhone Developer";
				COPY_PHASE_STRIP = NO;
				DEBUG_INFORMATION_FORMAT = dwarf;
				ENABLE_STRICT_OBJC_MSGSEND = YES;
				ENABLE_TESTABILITY = YES;
				GCC_C_LANGUAGE_STANDARD = gnu11;
				GCC_DYNAMIC_NO_PIC = NO;
				GCC_NO_COMMON_BLOCKS = YES;
				GCC_OPTIMIZATION_LEVEL = 0;
				GCC_PREPROCESSOR_DEFINITIONS = (
					"DEBUG=1",
					"$(inherited)",
				);
				GCC_WARN_64_TO_32_BIT_CONVERSION = YES;
				GCC_WARN_ABOUT_RETURN_TYPE = YES_ERROR;
				GCC_WARN_UNDECLARED_SELECTOR = YES;
				GCC_WARN_UNINITIALIZED_AUTOS = YES_AGGRESSIVE;
				GCC_WARN_UNUSED_FUNCTION = YES;
				GCC_WARN_UNUSED_VARIABLE = YES;
				IPHONEOS_DEPLOYMENT_TARGET = 11.2;
				MTL_ENABLE_DEBUG_INFO = YES;
				ONLY_ACTIVE_ARCH = YES;
				SDKROOT = iphoneos;
				SWIFT_ACTIVE_COMPILATION_CONDITIONS = DEBUG;
				SWIFT_OPTIMIZATION_LEVEL = "-Onone";
			};
			name = Debug;
		};
		323FE0EB2213E3ED007A2BD5 /* Release */ = {
			isa = XCBuildConfiguration;
			buildSettings = {
				ALWAYS_SEARCH_USER_PATHS = NO;
				CLANG_ANALYZER_NONNULL = YES;
				CLANG_ANALYZER_NUMBER_OBJECT_CONVERSION = YES_AGGRESSIVE;
				CLANG_CXX_LANGUAGE_STANDARD = "gnu++14";
				CLANG_CXX_LIBRARY = "libc++";
				CLANG_ENABLE_MODULES = YES;
				CLANG_ENABLE_OBJC_ARC = YES;
				CLANG_WARN_BLOCK_CAPTURE_AUTORELEASING = YES;
				CLANG_WARN_BOOL_CONVERSION = YES;
				CLANG_WARN_COMMA = YES;
				CLANG_WARN_CONSTANT_CONVERSION = YES;
				CLANG_WARN_DIRECT_OBJC_ISA_USAGE = YES_ERROR;
				CLANG_WARN_DOCUMENTATION_COMMENTS = YES;
				CLANG_WARN_EMPTY_BODY = YES;
				CLANG_WARN_ENUM_CONVERSION = YES;
				CLANG_WARN_INFINITE_RECURSION = YES;
				CLANG_WARN_INT_CONVERSION = YES;
				CLANG_WARN_NON_LITERAL_NULL_CONVERSION = YES;
				CLANG_WARN_OBJC_LITERAL_CONVERSION = YES;
				CLANG_WARN_OBJC_ROOT_CLASS = YES_ERROR;
				CLANG_WARN_RANGE_LOOP_ANALYSIS = YES;
				CLANG_WARN_STRICT_PROTOTYPES = YES;
				CLANG_WARN_SUSPICIOUS_MOVE = YES;
				CLANG_WARN_UNGUARDED_AVAILABILITY = YES_AGGRESSIVE;
				CLANG_WARN_UNREACHABLE_CODE = YES;
				CLANG_WARN__DUPLICATE_METHOD_MATCH = YES;
				CODE_SIGN_IDENTITY = "iPhone Developer";
				COPY_PHASE_STRIP = NO;
				DEBUG_INFORMATION_FORMAT = "dwarf-with-dsym";
				ENABLE_NS_ASSERTIONS = NO;
				ENABLE_STRICT_OBJC_MSGSEND = YES;
				GCC_C_LANGUAGE_STANDARD = gnu11;
				GCC_NO_COMMON_BLOCKS = YES;
				GCC_WARN_64_TO_32_BIT_CONVERSION = YES;
				GCC_WARN_ABOUT_RETURN_TYPE = YES_ERROR;
				GCC_WARN_UNDECLARED_SELECTOR = YES;
				GCC_WARN_UNINITIALIZED_AUTOS = YES_AGGRESSIVE;
				GCC_WARN_UNUSED_FUNCTION = YES;
				GCC_WARN_UNUSED_VARIABLE = YES;
				IPHONEOS_DEPLOYMENT_TARGET = 11.2;
				MTL_ENABLE_DEBUG_INFO = NO;
				SDKROOT = iphoneos;
				SWIFT_OPTIMIZATION_LEVEL = "-Owholemodule";
				VALIDATE_PRODUCT = YES;
			};
			name = Release;
		};
		323FE0ED2213E3ED007A2BD5 /* Debug */ = {
			isa = XCBuildConfiguration;
			buildSettings = {
				ASSETCATALOG_COMPILER_APPICON_NAME = AppIcon;
				CODE_SIGN_STYLE = Automatic;
				DEVELOPMENT_TEAM = G548L356GB;
				INFOPLIST_FILE = ParallexEffect/Info.plist;
				IPHONEOS_DEPLOYMENT_TARGET = 10.3;
				LD_RUNPATH_SEARCH_PATHS = "$(inherited) @executable_path/Frameworks";
				PRODUCT_BUNDLE_IDENTIFIER = com.con.ParallexEffect;
				PRODUCT_NAME = "$(TARGET_NAME)";
				SWIFT_VERSION = 4.0;
				TARGETED_DEVICE_FAMILY = "1,2";
			};
			name = Debug;
		};
		323FE0EE2213E3ED007A2BD5 /* Release */ = {
			isa = XCBuildConfiguration;
			buildSettings = {
				ASSETCATALOG_COMPILER_APPICON_NAME = AppIcon;
				CODE_SIGN_STYLE = Automatic;
				DEVELOPMENT_TEAM = G548L356GB;
				INFOPLIST_FILE = ParallexEffect/Info.plist;
				IPHONEOS_DEPLOYMENT_TARGET = 10.3;
				LD_RUNPATH_SEARCH_PATHS = "$(inherited) @executable_path/Frameworks";
				PRODUCT_BUNDLE_IDENTIFIER = com.con.ParallexEffect;
				PRODUCT_NAME = "$(TARGET_NAME)";
				SWIFT_VERSION = 4.0;
				TARGETED_DEVICE_FAMILY = "1,2";
			};
			name = Release;
		};
/* End XCBuildConfiguration section */

/* Begin XCConfigurationList section */
		323FE0D52213E3EC007A2BD5 /* Build configuration list for PBXProject "ParallexEffect" */ = {
			isa = XCConfigurationList;
			buildConfigurations = (
				323FE0EA2213E3ED007A2BD5 /* Debug */,
				323FE0EB2213E3ED007A2BD5 /* Release */,
			);
			defaultConfigurationIsVisible = 0;
			defaultConfigurationName = Release;
		};
		323FE0EC2213E3ED007A2BD5 /* Build configuration list for PBXNativeTarget "ParallexEffect" */ = {
			isa = XCConfigurationList;
			buildConfigurations = (
				323FE0ED2213E3ED007A2BD5 /* Debug */,
				323FE0EE2213E3ED007A2BD5 /* Release */,
			);
			defaultConfigurationIsVisible = 0;
			defaultConfigurationName = Release;
		};
/* End XCConfigurationList section */
	};
	rootObject = 323FE0D22213E3EC007A2BD5 /* Project object */;
}
